// !$*UTF8*$!
{
	archiveVersion = 1;
	classes = {
	};
	objectVersion = 46;
	objects = {

/* Begin PBXBuildFile section */
		9D8528B018906415002A7A49 /* Cocoa.framework in Frameworks */ = {isa = PBXBuildFile; fileRef = 9D8528AF18906415002A7A49 /* Cocoa.framework */; };
		9D8528BA18906415002A7A49 /* InfoPlist.strings in Resources */ = {isa = PBXBuildFile; fileRef = 9D8528B818906415002A7A49 /* InfoPlist.strings */; };
		9D8528BC18906415002A7A49 /* main.m in Sources */ = {isa = PBXBuildFile; fileRef = 9D8528BB18906415002A7A49 /* main.m */; };
		9D8528C018906415002A7A49 /* Credits.rtf in Resources */ = {isa = PBXBuildFile; fileRef = 9D8528BE18906415002A7A49 /* Credits.rtf */; };
		9D8528C318906415002A7A49 /* AppDelegate.m in Sources */ = {isa = PBXBuildFile; fileRef = 9D8528C218906415002A7A49 /* AppDelegate.m */; };
		9D8528C618906415002A7A49 /* MainMenu.xib in Resources */ = {isa = PBXBuildFile; fileRef = 9D8528C418906415002A7A49 /* MainMenu.xib */; };
		9D8528C818906415002A7A49 /* Images.xcassets in Resources */ = {isa = PBXBuildFile; fileRef = 9D8528C718906415002A7A49 /* Images.xcassets */; };
		9D8528CF18906415002A7A49 /* XCTest.framework in Frameworks */ = {isa = PBXBuildFile; fileRef = 9D8528CE18906415002A7A49 /* XCTest.framework */; };
		9D8528D018906415002A7A49 /* Cocoa.framework in Frameworks */ = {isa = PBXBuildFile; fileRef = 9D8528AF18906415002A7A49 /* Cocoa.framework */; };
		9D8528D818906415002A7A49 /* InfoPlist.strings in Resources */ = {isa = PBXBuildFile; fileRef = 9D8528D618906415002A7A49 /* InfoPlist.strings */; };
		9D8528DA18906415002A7A49 /* ShadowGeneratorTests.m in Sources */ = {isa = PBXBuildFile; fileRef = 9D8528D918906415002A7A49 /* ShadowGeneratorTests.m */; };
/* End PBXBuildFile section */

/* Begin PBXContainerItemProxy section */
		9D8528D118906415002A7A49 /* PBXContainerItemProxy */ = {
			isa = PBXContainerItemProxy;
			containerPortal = 9D8528A418906415002A7A49 /* Project object */;
			proxyType = 1;
			remoteGlobalIDString = 9D8528AB18906415002A7A49;
			remoteInfo = ShadowGenerator;
		};
/* End PBXContainerItemProxy section */

/* Begin PBXFileReference section */
		9D8528AC18906415002A7A49 /* ShadowGenerator.app */ = {isa = PBXFileReference; explicitFileType = wrapper.application; includeInIndex = 0; path = ShadowGenerator.app; sourceTree = BUILT_PRODUCTS_DIR; };
		9D8528AF18906415002A7A49 /* Cocoa.framework */ = {isa = PBXFileReference; lastKnownFileType = wrapper.framework; name = Cocoa.framework; path = System/Library/Frameworks/Cocoa.framework; sourceTree = SDKROOT; };
		9D8528B218906415002A7A49 /* AppKit.framework */ = {isa = PBXFileReference; lastKnownFileType = wrapper.framework; name = AppKit.framework; path = System/Library/Frameworks/AppKit.framework; sourceTree = SDKROOT; };
		9D8528B318906415002A7A49 /* CoreData.framework */ = {isa = PBXFileReference; lastKnownFileType = wrapper.framework; name = CoreData.framework; path = System/Library/Frameworks/CoreData.framework; sourceTree = SDKROOT; };
		9D8528B418906415002A7A49 /* Foundation.framework */ = {isa = PBXFileReference; lastKnownFileType = wrapper.framework; name = Foundation.framework; path = System/Library/Frameworks/Foundation.framework; sourceTree = SDKROOT; };
		9D8528B718906415002A7A49 /* ShadowGenerator-Info.plist */ = {isa = PBXFileReference; lastKnownFileType = text.plist.xml; path = "ShadowGenerator-Info.plist"; sourceTree = "<group>"; };
		9D8528B918906415002A7A49 /* en */ = {isa = PBXFileReference; lastKnownFileType = text.plist.strings; name = en; path = en.lproj/InfoPlist.strings; sourceTree = "<group>"; };
		9D8528BB18906415002A7A49 /* main.m */ = {isa = PBXFileReference; lastKnownFileType = sourcecode.c.objc; path = main.m; sourceTree = "<group>"; };
		9D8528BD18906415002A7A49 /* ShadowGenerator-Prefix.pch */ = {isa = PBXFileReference; lastKnownFileType = sourcecode.c.h; path = "ShadowGenerator-Prefix.pch"; sourceTree = "<group>"; };
		9D8528BF18906415002A7A49 /* en */ = {isa = PBXFileReference; lastKnownFileType = text.rtf; name = en; path = en.lproj/Credits.rtf; sourceTree = "<group>"; };
		9D8528C118906415002A7A49 /* AppDelegate.h */ = {isa = PBXFileReference; lastKnownFileType = sourcecode.c.h; path = AppDelegate.h; sourceTree = "<group>"; };
		9D8528C218906415002A7A49 /* AppDelegate.m */ = {isa = PBXFileReference; lastKnownFileType = sourcecode.c.objc; path = AppDelegate.m; sourceTree = "<group>"; };
		9D8528C518906415002A7A49 /* Base */ = {isa = PBXFileReference; lastKnownFileType = file.xib; name = Base; path = Base.lproj/MainMenu.xib; sourceTree = "<group>"; };
		9D8528C718906415002A7A49 /* Images.xcassets */ = {isa = PBXFileReference; lastKnownFileType = folder.assetcatalog; path = Images.xcassets; sourceTree = "<group>"; };
		9D8528CD18906415002A7A49 /* ShadowGeneratorTests.xctest */ = {isa = PBXFileReference; explicitFileType = wrapper.cfbundle; includeInIndex = 0; path = ShadowGeneratorTests.xctest; sourceTree = BUILT_PRODUCTS_DIR; };
		9D8528CE18906415002A7A49 /* XCTest.framework */ = {isa = PBXFileReference; lastKnownFileType = wrapper.framework; name = XCTest.framework; path = Library/Frameworks/XCTest.framework; sourceTree = DEVELOPER_DIR; };
		9D8528D518906415002A7A49 /* ShadowGeneratorTests-Info.plist */ = {isa = PBXFileReference; lastKnownFileType = text.plist.xml; path = "ShadowGeneratorTests-Info.plist"; sourceTree = "<group>"; };
		9D8528D718906415002A7A49 /* en */ = {isa = PBXFileReference; lastKnownFileType = text.plist.strings; name = en; path = en.lproj/InfoPlist.strings; sourceTree = "<group>"; };
		9D8528D918906415002A7A49 /* ShadowGeneratorTests.m */ = {isa = PBXFileReference; lastKnownFileType = sourcecode.c.objc; path = ShadowGeneratorTests.m; sourceTree = "<group>"; };
/* End PBXFileReference section */

/* Begin PBXFrameworksBuildPhase section */
		9D8528A918906415002A7A49 /* Frameworks */ = {
			isa = PBXFrameworksBuildPhase;
			buildActionMask = 2147483647;
			files = (
				9D8528B018906415002A7A49 /* Cocoa.framework in Frameworks */,
			);
			runOnlyForDeploymentPostprocessing = 0;
		};
		9D8528CA18906415002A7A49 /* Frameworks */ = {
			isa = PBXFrameworksBuildPhase;
			buildActionMask = 2147483647;
			files = (
				9D8528D018906415002A7A49 /* Cocoa.framework in Frameworks */,
				9D8528CF18906415002A7A49 /* XCTest.framework in Frameworks */,
			);
			runOnlyForDeploymentPostprocessing = 0;
		};
/* End PBXFrameworksBuildPhase section */

/* Begin PBXGroup section */
		9D8528A318906415002A7A49 = {
			isa = PBXGroup;
			children = (
				9D8528B518906415002A7A49 /* ShadowGenerator */,
				9D8528D318906415002A7A49 /* ShadowGeneratorTests */,
				9D8528AE18906415002A7A49 /* Frameworks */,
				9D8528AD18906415002A7A49 /* Products */,
			);
			sourceTree = "<group>";
		};
		9D8528AD18906415002A7A49 /* Products */ = {
			isa = PBXGroup;
			children = (
				9D8528AC18906415002A7A49 /* ShadowGenerator.app */,
				9D8528CD18906415002A7A49 /* ShadowGeneratorTests.xctest */,
			);
			name = Products;
			sourceTree = "<group>";
		};
		9D8528AE18906415002A7A49 /* Frameworks */ = {
			isa = PBXGroup;
			children = (
				9D8528AF18906415002A7A49 /* Cocoa.framework */,
				9D8528CE18906415002A7A49 /* XCTest.framework */,
				9D8528B118906415002A7A49 /* Other Frameworks */,
			);
			name = Frameworks;
			sourceTree = "<group>";
		};
		9D8528B118906415002A7A49 /* Other Frameworks */ = {
			isa = PBXGroup;
			children = (
				9D8528B218906415002A7A49 /* AppKit.framework */,
				9D8528B318906415002A7A49 /* CoreData.framework */,
				9D8528B418906415002A7A49 /* Foundation.framework */,
			);
			name = "Other Frameworks";
			sourceTree = "<group>";
		};
		9D8528B518906415002A7A49 /* ShadowGenerator */ = {
			isa = PBXGroup;
			children = (
				9D8528C118906415002A7A49 /* AppDelegate.h */,
				9D8528C218906415002A7A49 /* AppDelegate.m */,
				9D8528C418906415002A7A49 /* MainMenu.xib */,
				9D8528C718906415002A7A49 /* Images.xcassets */,
				9D8528B618906415002A7A49 /* Supporting Files */,
			);
			path = ShadowGenerator;
			sourceTree = "<group>";
		};
		9D8528B618906415002A7A49 /* Supporting Files */ = {
			isa = PBXGroup;
			children = (
				9D8528B718906415002A7A49 /* ShadowGenerator-Info.plist */,
				9D8528B818906415002A7A49 /* InfoPlist.strings */,
				9D8528BB18906415002A7A49 /* main.m */,
				9D8528BD18906415002A7A49 /* ShadowGenerator-Prefix.pch */,
				9D8528BE18906415002A7A49 /* Credits.rtf */,
			);
			name = "Supporting Files";
			sourceTree = "<group>";
		};
		9D8528D318906415002A7A49 /* ShadowGeneratorTests */ = {
			isa = PBXGroup;
			children = (
				9D8528D918906415002A7A49 /* ShadowGeneratorTests.m */,
				9D8528D418906415002A7A49 /* Supporting Files */,
			);
			path = ShadowGeneratorTests;
			sourceTree = "<group>";
		};
		9D8528D418906415002A7A49 /* Supporting Files */ = {
			isa = PBXGroup;
			children = (
				9D8528D518906415002A7A49 /* ShadowGeneratorTests-Info.plist */,
				9D8528D618906415002A7A49 /* InfoPlist.strings */,
			);
			name = "Supporting Files";
			sourceTree = "<group>";
		};
/* End PBXGroup section */

/* Begin PBXNativeTarget section */
		9D8528AB18906415002A7A49 /* ShadowGenerator */ = {
			isa = PBXNativeTarget;
			buildConfigurationList = 9D8528DD18906415002A7A49 /* Build configuration list for PBXNativeTarget "ShadowGenerator" */;
			buildPhases = (
				9D8528A818906415002A7A49 /* Sources */,
				9D8528A918906415002A7A49 /* Frameworks */,
				9D8528AA18906415002A7A49 /* Resources */,
			);
			buildRules = (
			);
			dependencies = (
			);
			name = ShadowGenerator;
			productName = ShadowGenerator;
			productReference = 9D8528AC18906415002A7A49 /* ShadowGenerator.app */;
			productType = "com.apple.product-type.application";
		};
		9D8528CC18906415002A7A49 /* ShadowGeneratorTests */ = {
			isa = PBXNativeTarget;
			buildConfigurationList = 9D8528E018906415002A7A49 /* Build configuration list for PBXNativeTarget "ShadowGeneratorTests" */;
			buildPhases = (
				9D8528C918906415002A7A49 /* Sources */,
				9D8528CA18906415002A7A49 /* Frameworks */,
				9D8528CB18906415002A7A49 /* Resources */,
			);
			buildRules = (
			);
			dependencies = (
				9D8528D218906415002A7A49 /* PBXTargetDependency */,
			);
			name = ShadowGeneratorTests;
			productName = ShadowGeneratorTests;
			productReference = 9D8528CD18906415002A7A49 /* ShadowGeneratorTests.xctest */;
			productType = "com.apple.product-type.bundle.unit-test";
		};
/* End PBXNativeTarget section */

/* Begin PBXProject section */
		9D8528A418906415002A7A49 /* Project object */ = {
			isa = PBXProject;
			attributes = {
				LastUpgradeCheck = 0500;
				ORGANIZATIONNAME = "Alexander Bekert";
				TargetAttributes = {
					9D8528CC18906415002A7A49 = {
						TestTargetID = 9D8528AB18906415002A7A49;
					};
				};
			};
			buildConfigurationList = 9D8528A718906415002A7A49 /* Build configuration list for PBXProject "ShadowGenerator" */;
			compatibilityVersion = "Xcode 3.2";
			developmentRegion = English;
			hasScannedForEncodings = 0;
			knownRegions = (
				en,
				Base,
			);
			mainGroup = 9D8528A318906415002A7A49;
			productRefGroup = 9D8528AD18906415002A7A49 /* Products */;
			projectDirPath = "";
			projectRoot = "";
			targets = (
				9D8528AB18906415002A7A49 /* ShadowGenerator */,
				9D8528CC18906415002A7A49 /* ShadowGeneratorTests */,
			);
		};
/* End PBXProject section */

/* Begin PBXResourcesBuildPhase section */
		9D8528AA18906415002A7A49 /* Resources */ = {
			isa = PBXResourcesBuildPhase;
			buildActionMask = 2147483647;
			files = (
				9D8528BA18906415002A7A49 /* InfoPlist.strings in Resources */,
				9D8528C818906415002A7A49 /* Images.xcassets in Resources */,
				9D8528C018906415002A7A49 /* Credits.rtf in Resources */,
				9D8528C618906415002A7A49 /* MainMenu.xib in Resources */,
			);
			runOnlyForDeploymentPostprocessing = 0;
		};
		9D8528CB18906415002A7A49 /* Resources */ = {
			isa = PBXResourcesBuildPhase;
			buildActionMask = 2147483647;
			files = (
				9D8528D818906415002A7A49 /* InfoPlist.strings in Resources */,
			);
			runOnlyForDeploymentPostprocessing = 0;
		};
/* End PBXResourcesBuildPhase section */

/* Begin PBXSourcesBuildPhase section */
		9D8528A818906415002A7A49 /* Sources */ = {
			isa = PBXSourcesBuildPhase;
			buildActionMask = 2147483647;
			files = (
				9D8528C318906415002A7A49 /* AppDelegate.m in Sources */,
				9D8528BC18906415002A7A49 /* main.m in Sources */,
			);
			runOnlyForDeploymentPostprocessing = 0;
		};
		9D8528C918906415002A7A49 /* Sources */ = {
			isa = PBXSourcesBuildPhase;
			buildActionMask = 2147483647;
			files = (
				9D8528DA18906415002A7A49 /* ShadowGeneratorTests.m in Sources */,
			);
			runOnlyForDeploymentPostprocessing = 0;
		};
/* End PBXSourcesBuildPhase section */

/* Begin PBXTargetDependency section */
		9D8528D218906415002A7A49 /* PBXTargetDependency */ = {
			isa = PBXTargetDependency;
			target = 9D8528AB18906415002A7A49 /* ShadowGenerator */;
			targetProxy = 9D8528D118906415002A7A49 /* PBXContainerItemProxy */;
		};
/* End PBXTargetDependency section */

/* Begin PBXVariantGroup section */
		9D8528B818906415002A7A49 /* InfoPlist.strings */ = {
			isa = PBXVariantGroup;
			children = (
				9D8528B918906415002A7A49 /* en */,
			);
			name = InfoPlist.strings;
			sourceTree = "<group>";
		};
		9D8528BE18906415002A7A49 /* Credits.rtf */ = {
			isa = PBXVariantGroup;
			children = (
				9D8528BF18906415002A7A49 /* en */,
			);
			name = Credits.rtf;
			sourceTree = "<group>";
		};
		9D8528C418906415002A7A49 /* MainMenu.xib */ = {
			isa = PBXVariantGroup;
			children = (
				9D8528C518906415002A7A49 /* Base */,
			);
			name = MainMenu.xib;
			sourceTree = "<group>";
		};
		9D8528D618906415002A7A49 /* InfoPlist.strings */ = {
			isa = PBXVariantGroup;
			children = (
				9D8528D718906415002A7A49 /* en */,
			);
			name = InfoPlist.strings;
			sourceTree = "<group>";
		};
/* End PBXVariantGroup section */

/* Begin XCBuildConfiguration section */
		9D8528DB18906415002A7A49 /* Debug */ = {
			isa = XCBuildConfiguration;
			buildSettings = {
				ALWAYS_SEARCH_USER_PATHS = NO;
				CLANG_CXX_LANGUAGE_STANDARD = "gnu++0x";
				CLANG_CXX_LIBRARY = "libc++";
				CLANG_ENABLE_OBJC_ARC = YES;
				CLANG_WARN_BOOL_CONVERSION = YES;
				CLANG_WARN_CONSTANT_CONVERSION = YES;
				CLANG_WARN_DIRECT_OBJC_ISA_USAGE = YES_ERROR;
				CLANG_WARN_EMPTY_BODY = YES;
				CLANG_WARN_ENUM_CONVERSION = YES;
				CLANG_WARN_INT_CONVERSION = YES;
				CLANG_WARN_OBJC_ROOT_CLASS = YES_ERROR;
				CLANG_WARN__DUPLICATE_METHOD_MATCH = YES;
				COPY_PHASE_STRIP = NO;
				GCC_C_LANGUAGE_STANDARD = gnu99;
				GCC_DYNAMIC_NO_PIC = NO;
				GCC_ENABLE_OBJC_EXCEPTIONS = YES;
				GCC_OPTIMIZATION_LEVEL = 0;
				GCC_PREPROCESSOR_DEFINITIONS = (
					"DEBUG=1",
					"$(inherited)",
				);
				GCC_SYMBOLS_PRIVATE_EXTERN = NO;
				GCC_WARN_64_TO_32_BIT_CONVERSION = YES;
				GCC_WARN_ABOUT_RETURN_TYPE = YES_ERROR;
				GCC_WARN_UNDECLARED_SELECTOR = YES;
				GCC_WARN_UNINITIALIZED_AUTOS = YES;
				GCC_WARN_UNUSED_FUNCTION = YES;
				GCC_WARN_UNUSED_VARIABLE = YES;
				MACOSX_DEPLOYMENT_TARGET = 10.9;
				ONLY_ACTIVE_ARCH = YES;
				SDKROOT = macosx;
			};
			name = Debug;
		};
		9D8528DC18906415002A7A49 /* Release */ = {
			isa = XCBuildConfiguration;
			buildSettings = {
				ALWAYS_SEARCH_USER_PATHS = NO;
				CLANG_CXX_LANGUAGE_STANDARD = "gnu++0x";
				CLANG_CXX_LIBRARY = "libc++";
				CLANG_ENABLE_OBJC_ARC = YES;
				CLANG_WARN_BOOL_CONVERSION = YES;
				CLANG_WARN_CONSTANT_CONVERSION = YES;
				CLANG_WARN_DIRECT_OBJC_ISA_USAGE = YES_ERROR;
				CLANG_WARN_EMPTY_BODY = YES;
				CLANG_WARN_ENUM_CONVERSION = YES;
				CLANG_WARN_INT_CONVERSION = YES;
				CLANG_WARN_OBJC_ROOT_CLASS = YES_ERROR;
				CLANG_WARN__DUPLICATE_METHOD_MATCH = YES;
				COPY_PHASE_STRIP = YES;
				DEBUG_INFORMATION_FORMAT = "dwarf-with-dsym";
				ENABLE_NS_ASSERTIONS = NO;
				GCC_C_LANGUAGE_STANDARD = gnu99;
				GCC_ENABLE_OBJC_EXCEPTIONS = YES;
				GCC_WARN_64_TO_32_BIT_CONVERSION = YES;
				GCC_WARN_ABOUT_RETURN_TYPE = YES_ERROR;
				GCC_WARN_UNDECLARED_SELECTOR = YES;
				GCC_WARN_UNINITIALIZED_AUTOS = YES;
				GCC_WARN_UNUSED_FUNCTION = YES;
				GCC_WARN_UNUSED_VARIABLE = YES;
				MACOSX_DEPLOYMENT_TARGET = 10.9;
				SDKROOT = macosx;
			};
			name = Release;
		};
		9D8528DE18906415002A7A49 /* Debug */ = {
			isa = XCBuildConfiguration;
			buildSettings = {
				ASSETCATALOG_COMPILER_APPICON_NAME = AppIcon;
				COMBINE_HIDPI_IMAGES = YES;
				GCC_PRECOMPILE_PREFIX_HEADER = YES;
				GCC_PREFIX_HEADER = "ShadowGenerator/ShadowGenerator-Prefix.pch";
				INFOPLIST_FILE = "ShadowGenerator/ShadowGenerator-Info.plist";
				PRODUCT_NAME = "$(TARGET_NAME)";
				WRAPPER_EXTENSION = app;
			};
			name = Debug;
		};
		9D8528DF18906415002A7A49 /* Release */ = {
			isa = XCBuildConfiguration;
			buildSettings = {
				ASSETCATALOG_COMPILER_APPICON_NAME = AppIcon;
				COMBINE_HIDPI_IMAGES = YES;
				GCC_PRECOMPILE_PREFIX_HEADER = YES;
				GCC_PREFIX_HEADER = "ShadowGenerator/ShadowGenerator-Prefix.pch";
				INFOPLIST_FILE = "ShadowGenerator/ShadowGenerator-Info.plist";
				PRODUCT_NAME = "$(TARGET_NAME)";
				WRAPPER_EXTENSION = app;
			};
			name = Release;
		};
		9D8528E118906415002A7A49 /* Debug */ = {
			isa = XCBuildConfiguration;
			buildSettings = {
				BUNDLE_LOADER = "$(BUILT_PRODUCTS_DIR)/ShadowGenerator.app/Contents/MacOS/ShadowGenerator";
				COMBINE_HIDPI_IMAGES = YES;
				FRAMEWORK_SEARCH_PATHS = (
					"$(DEVELOPER_FRAMEWORKS_DIR)",
					"$(inherited)",
				);
				GCC_PRECOMPILE_PREFIX_HEADER = YES;
				GCC_PREFIX_HEADER = "ShadowGenerator/ShadowGenerator-Prefix.pch";
				GCC_PREPROCESSOR_DEFINITIONS = (
					"DEBUG=1",
					"$(inherited)",
				);
				INFOPLIST_FILE = "ShadowGeneratorTests/ShadowGeneratorTests-Info.plist";
				PRODUCT_NAME = "$(TARGET_NAME)";
				TEST_HOST = "$(BUNDLE_LOADER)";
				WRAPPER_EXTENSION = xctest;
			};
			name = Debug;
		};
		9D8528E218906415002A7A49 /* Release */ = {
			isa = XCBuildConfiguration;
			buildSettings = {
				BUNDLE_LOADER = "$(BUILT_PRODUCTS_DIR)/ShadowGenerator.app/Contents/MacOS/ShadowGenerator";
				COMBINE_HIDPI_IMAGES = YES;
				FRAMEWORK_SEARCH_PATHS = (
					"$(DEVELOPER_FRAMEWORKS_DIR)",
					"$(inherited)",
				);
				GCC_PRECOMPILE_PREFIX_HEADER = YES;
				GCC_PREFIX_HEADER = "ShadowGenerator/ShadowGenerator-Prefix.pch";
				INFOPLIST_FILE = "ShadowGeneratorTests/ShadowGeneratorTests-Info.plist";
				PRODUCT_NAME = "$(TARGET_NAME)";
				TEST_HOST = "$(BUNDLE_LOADER)";
				WRAPPER_EXTENSION = xctest;
			};
			name = Release;
		};
/* End XCBuildConfiguration section */

/* Begin XCConfigurationList section */
		9D8528A718906415002A7A49 /* Build configuration list for PBXProject "ShadowGenerator" */ = {
			isa = XCConfigurationList;
			buildConfigurations = (
				9D8528DB18906415002A7A49 /* Debug */,
				9D8528DC18906415002A7A49 /* Release */,
			);
			defaultConfigurationIsVisible = 0;
			defaultConfigurationName = Release;
		};
		9D8528DD18906415002A7A49 /* Build configuration list for PBXNativeTarget "ShadowGenerator" */ = {
			isa = XCConfigurationList;
			buildConfigurations = (
				9D8528DE18906415002A7A49 /* Debug */,
				9D8528DF18906415002A7A49 /* Release */,
			);
			defaultConfigurationIsVisible = 0;
		};
		9D8528E018906415002A7A49 /* Build configuration list for PBXNativeTarget "ShadowGeneratorTests" */ = {
			isa = XCConfigurationList;
			buildConfigurations = (
				9D8528E118906415002A7A49 /* Debug */,
				9D8528E218906415002A7A49 /* Release */,
			);
			defaultConfigurationIsVisible = 0;
		};
/* End XCConfigurationList section */
	};
	rootObject = 9D8528A418906415002A7A49 /* Project object */;
}
